// !$*UTF8*$!
{
	archiveVersion = 1;
	classes = {
	};
	objectVersion = 55;
	objects = {

/* Begin PBXBuildFile section */
		C25C9DD027DD42BB009A5137 /* Colors.xcassets in Resources */ = {isa = PBXBuildFile; fileRef = C25C9DCF27DD42BB009A5137 /* Colors.xcassets */; };
		C25C9DD227DD4325009A5137 /* ColorsUI.swift in Sources */ = {isa = PBXBuildFile; fileRef = C25C9DD127DD4325009A5137 /* ColorsUI.swift */; };
		C25C9DD727DD43C9009A5137 /* MainView.swift in Sources */ = {isa = PBXBuildFile; fileRef = C25C9DD627DD43C9009A5137 /* MainView.swift */; };
		C2DB5A8F27DB94120066E52B /* AppTVApp.swift in Sources */ = {isa = PBXBuildFile; fileRef = C2DB5A8E27DB94120066E52B /* AppTVApp.swift */; };
		C2DB5A9127DB94120066E52B /* ContentView.swift in Sources */ = {isa = PBXBuildFile; fileRef = C2DB5A9027DB94120066E52B /* ContentView.swift */; };
		C2DB5A9327DB94150066E52B /* Assets.xcassets in Resources */ = {isa = PBXBuildFile; fileRef = C2DB5A9227DB94150066E52B /* Assets.xcassets */; };
		C2DB5A9627DB94150066E52B /* Preview Assets.xcassets in Resources */ = {isa = PBXBuildFile; fileRef = C2DB5A9527DB94150066E52B /* Preview Assets.xcassets */; };
/* End PBXBuildFile section */

/* Begin PBXFileReference section */
		C25C9DCF27DD42BB009A5137 /* Colors.xcassets */ = {isa = PBXFileReference; lastKnownFileType = folder.assetcatalog; path = Colors.xcassets; sourceTree = "<group>"; };
		C25C9DD127DD4325009A5137 /* ColorsUI.swift */ = {isa = PBXFileReference; lastKnownFileType = sourcecode.swift; path = ColorsUI.swift; sourceTree = "<group>"; };
		C25C9DD627DD43C9009A5137 /* MainView.swift */ = {isa = PBXFileReference; lastKnownFileType = sourcecode.swift; path = MainView.swift; sourceTree = "<group>"; };
		C2DB5A8B27DB94120066E52B /* AppTV.app */ = {isa = PBXFileReference; explicitFileType = wrapper.application; includeInIndex = 0; path = AppTV.app; sourceTree = BUILT_PRODUCTS_DIR; };
		C2DB5A8E27DB94120066E52B /* AppTVApp.swift */ = {isa = PBXFileReference; lastKnownFileType = sourcecode.swift; path = AppTVApp.swift; sourceTree = "<group>"; };
		C2DB5A9027DB94120066E52B /* ContentView.swift */ = {isa = PBXFileReference; lastKnownFileType = sourcecode.swift; path = ContentView.swift; sourceTree = "<group>"; };
		C2DB5A9227DB94150066E52B /* Assets.xcassets */ = {isa = PBXFileReference; lastKnownFileType = folder.assetcatalog; path = Assets.xcassets; sourceTree = "<group>"; };
		C2DB5A9527DB94150066E52B /* Preview Assets.xcassets */ = {isa = PBXFileReference; lastKnownFileType = folder.assetcatalog; path = "Preview Assets.xcassets"; sourceTree = "<group>"; };
/* End PBXFileReference section */

/* Begin PBXFrameworksBuildPhase section */
		C2DB5A8827DB94120066E52B /* Frameworks */ = {
			isa = PBXFrameworksBuildPhase;
			buildActionMask = 2147483647;
			files = (
			);
			runOnlyForDeploymentPostprocessing = 0;
		};
/* End PBXFrameworksBuildPhase section */

/* Begin PBXGroup section */
		C25C9DCE27DD429B009A5137 /* Resources */ = {
			isa = PBXGroup;
			children = (
				C2DB5A9227DB94150066E52B /* Assets.xcassets */,
				C25C9DCF27DD42BB009A5137 /* Colors.xcassets */,
				C25C9DD127DD4325009A5137 /* ColorsUI.swift */,
			);
			path = Resources;
			sourceTree = "<group>";
		};
		C25C9DD327DD43A0009A5137 /* Scenes */ = {
			isa = PBXGroup;
			children = (
				C25C9DD427DD43A9009A5137 /* Common */,
				C25C9DD527DD43B3009A5137 /* Main */,
			);
			path = Scenes;
			sourceTree = "<group>";
		};
		C25C9DD427DD43A9009A5137 /* Common */ = {
			isa = PBXGroup;
			children = (
			);
			path = Common;
			sourceTree = "<group>";
		};
		C25C9DD527DD43B3009A5137 /* Main */ = {
			isa = PBXGroup;
			children = (
				C25C9DD627DD43C9009A5137 /* MainView.swift */,
			);
			path = Main;
			sourceTree = "<group>";
		};
		C2DB5A8227DB94120066E52B = {
			isa = PBXGroup;
			children = (
				C2DB5A8D27DB94120066E52B /* AppTV */,
				C2DB5A8C27DB94120066E52B /* Products */,
			);
			sourceTree = "<group>";
		};
		C2DB5A8C27DB94120066E52B /* Products */ = {
			isa = PBXGroup;
			children = (
				C2DB5A8B27DB94120066E52B /* AppTV.app */,
			);
			name = Products;
			sourceTree = "<group>";
		};
		C2DB5A8D27DB94120066E52B /* AppTV */ = {
			isa = PBXGroup;
			children = (
				C2DB5A8E27DB94120066E52B /* AppTVApp.swift */,
				C2DB5A9027DB94120066E52B /* ContentView.swift */,
				C25C9DD327DD43A0009A5137 /* Scenes */,
				C25C9DCE27DD429B009A5137 /* Resources */,
				C2DB5A9427DB94150066E52B /* Preview Content */,
			);
			path = AppTV;
			sourceTree = "<group>";
		};
		C2DB5A9427DB94150066E52B /* Preview Content */ = {
			isa = PBXGroup;
			children = (
				C2DB5A9527DB94150066E52B /* Preview Assets.xcassets */,
			);
			path = "Preview Content";
			sourceTree = "<group>";
		};
/* End PBXGroup section */

/* Begin PBXNativeTarget section */
		C2DB5A8A27DB94120066E52B /* AppTV */ = {
			isa = PBXNativeTarget;
			buildConfigurationList = C2DB5A9927DB94150066E52B /* Build configuration list for PBXNativeTarget "AppTV" */;
			buildPhases = (
				C2DB5A8727DB94120066E52B /* Sources */,
				C2DB5A8827DB94120066E52B /* Frameworks */,
				C2DB5A8927DB94120066E52B /* Resources */,
			);
			buildRules = (
			);
			dependencies = (
			);
			name = AppTV;
			productName = AppTV;
			productReference = C2DB5A8B27DB94120066E52B /* AppTV.app */;
			productType = "com.apple.product-type.application";
		};
/* End PBXNativeTarget section */

/* Begin PBXProject section */
		C2DB5A8327DB94120066E52B /* Project object */ = {
			isa = PBXProject;
			attributes = {
				BuildIndependentTargetsInParallel = 1;
				LastSwiftUpdateCheck = 1320;
				LastUpgradeCheck = 1320;
				TargetAttributes = {
					C2DB5A8A27DB94120066E52B = {
						CreatedOnToolsVersion = 13.2.1;
					};
				};
			};
			buildConfigurationList = C2DB5A8627DB94120066E52B /* Build configuration list for PBXProject "AppTV" */;
			compatibilityVersion = "Xcode 13.0";
			developmentRegion = en;
			hasScannedForEncodings = 0;
			knownRegions = (
				en,
				Base,
			);
			mainGroup = C2DB5A8227DB94120066E52B;
			productRefGroup = C2DB5A8C27DB94120066E52B /* Products */;
			projectDirPath = "";
			projectRoot = "";
			targets = (
				C2DB5A8A27DB94120066E52B /* AppTV */,
			);
		};
/* End PBXProject section */

/* Begin PBXResourcesBuildPhase section */
		C2DB5A8927DB94120066E52B /* Resources */ = {
			isa = PBXResourcesBuildPhase;
			buildActionMask = 2147483647;
			files = (
				C25C9DD027DD42BB009A5137 /* Colors.xcassets in Resources */,
				C2DB5A9627DB94150066E52B /* Preview Assets.xcassets in Resources */,
				C2DB5A9327DB94150066E52B /* Assets.xcassets in Resources */,
			);
			runOnlyForDeploymentPostprocessing = 0;
		};
/* End PBXResourcesBuildPhase section */

/* Begin PBXSourcesBuildPhase section */
		C2DB5A8727DB94120066E52B /* Sources */ = {
			isa = PBXSourcesBuildPhase;
			buildActionMask = 2147483647;
			files = (
				C2DB5A9127DB94120066E52B /* ContentView.swift in Sources */,
				C25C9DD727DD43C9009A5137 /* MainView.swift in Sources */,
				C2DB5A8F27DB94120066E52B /* AppTVApp.swift in Sources */,
				C25C9DD227DD4325009A5137 /* ColorsUI.swift in Sources */,
			);
			runOnlyForDeploymentPostprocessing = 0;
		};
/* End PBXSourcesBuildPhase section */

/* Begin XCBuildConfiguration section */
		C2DB5A9727DB94150066E52B /* Debug */ = {
			isa = XCBuildConfiguration;
			buildSettings = {
				ALWAYS_SEARCH_USER_PATHS = NO;
				CLANG_ANALYZER_NONNULL = YES;
				CLANG_ANALYZER_NUMBER_OBJECT_CONVERSION = YES_AGGRESSIVE;
				CLANG_CXX_LANGUAGE_STANDARD = "gnu++17";
				CLANG_CXX_LIBRARY = "libc++";
				CLANG_ENABLE_MODULES = YES;
				CLANG_ENABLE_OBJC_ARC = YES;
				CLANG_ENABLE_OBJC_WEAK = YES;
				CLANG_WARN_BLOCK_CAPTURE_AUTORELEASING = YES;
				CLANG_WARN_BOOL_CONVERSION = YES;
				CLANG_WARN_COMMA = YES;
				CLANG_WARN_CONSTANT_CONVERSION = YES;
				CLANG_WARN_DEPRECATED_OBJC_IMPLEMENTATIONS = YES;
				CLANG_WARN_DIRECT_OBJC_ISA_USAGE = YES_ERROR;
				CLANG_WARN_DOCUMENTATION_COMMENTS = YES;
				CLANG_WARN_EMPTY_BODY = YES;
				CLANG_WARN_ENUM_CONVERSION = YES;
				CLANG_WARN_INFINITE_RECURSION = YES;
				CLANG_WARN_INT_CONVERSION = YES;
				CLANG_WARN_NON_LITERAL_NULL_CONVERSION = YES;
				CLANG_WARN_OBJC_IMPLICIT_RETAIN_SELF = YES;
				CLANG_WARN_OBJC_LITERAL_CONVERSION = YES;
				CLANG_WARN_OBJC_ROOT_CLASS = YES_ERROR;
				CLANG_WARN_QUOTED_INCLUDE_IN_FRAMEWORK_HEADER = YES;
				CLANG_WARN_RANGE_LOOP_ANALYSIS = YES;
				CLANG_WARN_STRICT_PROTOTYPES = YES;
				CLANG_WARN_SUSPICIOUS_MOVE = YES;
				CLANG_WARN_UNGUARDED_AVAILABILITY = YES_AGGRESSIVE;
				CLANG_WARN_UNREACHABLE_CODE = YES;
				CLANG_WARN__DUPLICATE_METHOD_MATCH = YES;
				COPY_PHASE_STRIP = NO;
				DEBUG_INFORMATION_FORMAT = dwarf;
				ENABLE_STRICT_OBJC_MSGSEND = YES;
				ENABLE_TESTABILITY = YES;
				GCC_C_LANGUAGE_STANDARD = gnu11;
				GCC_DYNAMIC_NO_PIC = NO;
				GCC_NO_COMMON_BLOCKS = YES;
				GCC_OPTIMIZATION_LEVEL = 0;
				GCC_PREPROCESSOR_DEFINITIONS = (
					"DEBUG=1",
					"$(inherited)",
				);
				GCC_WARN_64_TO_32_BIT_CONVERSION = YES;
				GCC_WARN_ABOUT_RETURN_TYPE = YES_ERROR;
				GCC_WARN_UNDECLARED_SELECTOR = YES;
				GCC_WARN_UNINITIALIZED_AUTOS = YES_AGGRESSIVE;
				GCC_WARN_UNUSED_FUNCTION = YES;
				GCC_WARN_UNUSED_VARIABLE = YES;
				MTL_ENABLE_DEBUG_INFO = INCLUDE_SOURCE;
				MTL_FAST_MATH = YES;
				ONLY_ACTIVE_ARCH = YES;
				SDKROOT = appletvos;
				SWIFT_ACTIVE_COMPILATION_CONDITIONS = DEBUG;
				SWIFT_OPTIMIZATION_LEVEL = "-Onone";
				TVOS_DEPLOYMENT_TARGET = 15.2;
			};
			name = Debug;
		};
		C2DB5A9827DB94150066E52B /* Release */ = {
			isa = XCBuildConfiguration;
			buildSettings = {
				ALWAYS_SEARCH_USER_PATHS = NO;
				CLANG_ANALYZER_NONNULL = YES;
				CLANG_ANALYZER_NUMBER_OBJECT_CONVERSION = YES_AGGRESSIVE;
				CLANG_CXX_LANGUAGE_STANDARD = "gnu++17";
				CLANG_CXX_LIBRARY = "libc++";
				CLANG_ENABLE_MODULES = YES;
				CLANG_ENABLE_OBJC_ARC = YES;
				CLANG_ENABLE_OBJC_WEAK = YES;
				CLANG_WARN_BLOCK_CAPTURE_AUTORELEASING = YES;
				CLANG_WARN_BOOL_CONVERSION = YES;
				CLANG_WARN_COMMA = YES;
				CLANG_WARN_CONSTANT_CONVERSION = YES;
				CLANG_WARN_DEPRECATED_OBJC_IMPLEMENTATIONS = YES;
				CLANG_WARN_DIRECT_OBJC_ISA_USAGE = YES_ERROR;
				CLANG_WARN_DOCUMENTATION_COMMENTS = YES;
				CLANG_WARN_EMPTY_BODY = YES;
				CLANG_WARN_ENUM_CONVERSION = YES;
				CLANG_WARN_INFINITE_RECURSION = YES;
				CLANG_WARN_INT_CONVERSION = YES;
				CLANG_WARN_NON_LITERAL_NULL_CONVERSION = YES;
				CLANG_WARN_OBJC_IMPLICIT_RETAIN_SELF = YES;
				CLANG_WARN_OBJC_LITERAL_CONVERSION = YES;
				CLANG_WARN_OBJC_ROOT_CLASS = YES_ERROR;
				CLANG_WARN_QUOTED_INCLUDE_IN_FRAMEWORK_HEADER = YES;
				CLANG_WARN_RANGE_LOOP_ANALYSIS = YES;
				CLANG_WARN_STRICT_PROTOTYPES = YES;
				CLANG_WARN_SUSPICIOUS_MOVE = YES;
				CLANG_WARN_UNGUARDED_AVAILABILITY = YES_AGGRESSIVE;
				CLANG_WARN_UNREACHABLE_CODE = YES;
				CLANG_WARN__DUPLICATE_METHOD_MATCH = YES;
				COPY_PHASE_STRIP = NO;
				DEBUG_INFORMATION_FORMAT = "dwarf-with-dsym";
				ENABLE_NS_ASSERTIONS = NO;
				ENABLE_STRICT_OBJC_MSGSEND = YES;
				GCC_C_LANGUAGE_STANDARD = gnu11;
				GCC_NO_COMMON_BLOCKS = YES;
				GCC_WARN_64_TO_32_BIT_CONVERSION = YES;
				GCC_WARN_ABOUT_RETURN_TYPE = YES_ERROR;
				GCC_WARN_UNDECLARED_SELECTOR = YES;
				GCC_WARN_UNINITIALIZED_AUTOS = YES_AGGRESSIVE;
				GCC_WARN_UNUSED_FUNCTION = YES;
				GCC_WARN_UNUSED_VARIABLE = YES;
				MTL_ENABLE_DEBUG_INFO = NO;
				MTL_FAST_MATH = YES;
				SDKROOT = appletvos;
				SWIFT_COMPILATION_MODE = wholemodule;
				SWIFT_OPTIMIZATION_LEVEL = "-O";
				TVOS_DEPLOYMENT_TARGET = 15.2;
				VALIDATE_PRODUCT = YES;
			};
			name = Release;
		};
		C2DB5A9A27DB94150066E52B /* Debug */ = {
			isa = XCBuildConfiguration;
			buildSettings = {
				ASSETCATALOG_COMPILER_APPICON_NAME = "App Icon & Top Shelf Image";
				ASSETCATALOG_COMPILER_GLOBAL_ACCENT_COLOR_NAME = AccentColor;
				CODE_SIGN_STYLE = Automatic;
				CURRENT_PROJECT_VERSION = 1;
				DEVELOPMENT_ASSET_PATHS = "\"AppTV/Preview Content\"";
				DEVELOPMENT_TEAM = DW35F92222;
				ENABLE_PREVIEWS = YES;
				GENERATE_INFOPLIST_FILE = YES;
				INFOPLIST_KEY_UILaunchScreen_Generation = YES;
				INFOPLIST_KEY_UIUserInterfaceStyle = Automatic;
				LD_RUNPATH_SEARCH_PATHS = (
					"$(inherited)",
					"@executable_path/Frameworks",
				);
				MARKETING_VERSION = 1.0;
				PRODUCT_BUNDLE_IDENTIFIER = com.antrax.AppTV;
				PRODUCT_NAME = "$(TARGET_NAME)";
				SWIFT_EMIT_LOC_STRINGS = YES;
				SWIFT_VERSION = 5.0;
				TARGETED_DEVICE_FAMILY = 3;
			};
			name = Debug;
		};
		C2DB5A9B27DB94150066E52B /* Release */ = {
			isa = XCBuildConfiguration;
			buildSettings = {
				ASSETCATALOG_COMPILER_APPICON_NAME = "App Icon & Top Shelf Image";
				ASSETCATALOG_COMPILER_GLOBAL_ACCENT_COLOR_NAME = AccentColor;
				CODE_SIGN_STYLE = Automatic;
				CURRENT_PROJECT_VERSION = 1;
				DEVELOPMENT_ASSET_PATHS = "\"AppTV/Preview Content\"";
				DEVELOPMENT_TEAM = DW35F92222;
				ENABLE_PREVIEWS = YES;
				GENERATE_INFOPLIST_FILE = YES;
				INFOPLIST_KEY_UILaunchScreen_Generation = YES;
				INFOPLIST_KEY_UIUserInterfaceStyle = Automatic;
				LD_RUNPATH_SEARCH_PATHS = (
					"$(inherited)",
					"@executable_path/Frameworks",
				);
				MARKETING_VERSION = 1.0;
				PRODUCT_BUNDLE_IDENTIFIER = com.antrax.AppTV;
				PRODUCT_NAME = "$(TARGET_NAME)";
				SWIFT_EMIT_LOC_STRINGS = YES;
				SWIFT_VERSION = 5.0;
				TARGETED_DEVICE_FAMILY = 3;
			};
			name = Release;
		};
/* End XCBuildConfiguration section */

/* Begin XCConfigurationList section */
		C2DB5A8627DB94120066E52B /* Build configuration list for PBXProject "AppTV" */ = {
			isa = XCConfigurationList;
			buildConfigurations = (
				C2DB5A9727DB94150066E52B /* Debug */,
				C2DB5A9827DB94150066E52B /* Release */,
			);
			defaultConfigurationIsVisible = 0;
			defaultConfigurationName = Release;
		};
		C2DB5A9927DB94150066E52B /* Build configuration list for PBXNativeTarget "AppTV" */ = {
			isa = XCConfigurationList;
			buildConfigurations = (
				C2DB5A9A27DB94150066E52B /* Debug */,
				C2DB5A9B27DB94150066E52B /* Release */,
			);
			defaultConfigurationIsVisible = 0;
			defaultConfigurationName = Release;
		};
/* End XCConfigurationList section */
	};
	rootObject = C2DB5A8327DB94120066E52B /* Project object */;
}
